// !$*UTF8*$!
{
	archiveVersion = 1;
	classes = {
	};
	objectVersion = 46;
	objects = {

/* Begin PBXBuildFile section */
		2A0054BD1C88CB1300561ABE /* AccountinfoViewController.swift in Sources */ = {isa = PBXBuildFile; fileRef = 2A0054BC1C88CB1300561ABE /* AccountinfoViewController.swift */; };
		2A3BFF691CAB53B1005230E5 /* LeavefeedbackViewController.swift in Sources */ = {isa = PBXBuildFile; fileRef = 2A3BFF681CAB53B1005230E5 /* LeavefeedbackViewController.swift */; };
		2A3BFF731CAB5674005230E5 /* changeemailViewController.swift in Sources */ = {isa = PBXBuildFile; fileRef = 2A3BFF701CAB5674005230E5 /* changeemailViewController.swift */; };
		2A3BFF741CAB5674005230E5 /* changeinfoViewController.swift in Sources */ = {isa = PBXBuildFile; fileRef = 2A3BFF711CAB5674005230E5 /* changeinfoViewController.swift */; };
		2A3BFF751CAB5674005230E5 /* changepasswordViewController.swift in Sources */ = {isa = PBXBuildFile; fileRef = 2A3BFF721CAB5674005230E5 /* changepasswordViewController.swift */; };
		2A3BFF771CAB5C68005230E5 /* ReservationViewController.swift in Sources */ = {isa = PBXBuildFile; fileRef = 2A3BFF761CAB5C68005230E5 /* ReservationViewController.swift */; };
		2A7178541CACBDE7000B131F /* trackingview.swift in Sources */ = {isa = PBXBuildFile; fileRef = 2A7178531CACBDE7000B131F /* trackingview.swift */; };
		2A7178561CACBDF2000B131F /* MapViewController.swift in Sources */ = {isa = PBXBuildFile; fileRef = 2A7178551CACBDF2000B131F /* MapViewController.swift */; };
		2A71785A1CAD8E54000B131F /* menubuttonViewController.swift in Sources */ = {isa = PBXBuildFile; fileRef = 2A7178591CAD8E54000B131F /* menubuttonViewController.swift */; };
		2A71789C1CAF5A12000B131F /* Coupon.swift in Sources */ = {isa = PBXBuildFile; fileRef = 2A71789B1CAF5A12000B131F /* Coupon.swift */; };
		2AC402ED1CB5C67200F1472A /* Menu1.swift in Sources */ = {isa = PBXBuildFile; fileRef = 2AC402EC1CB5C67200F1472A /* Menu1.swift */; };
		2AC402F31CB5C7B400F1472A /* menuitem.swift in Sources */ = {isa = PBXBuildFile; fileRef = 2AC402F21CB5C7B400F1472A /* menuitem.swift */; };
		2AC402F51CB5C9AC00F1472A /* menutype.swift in Sources */ = {isa = PBXBuildFile; fileRef = 2AC402F41CB5C9AC00F1472A /* menutype.swift */; };
		2AC402F91CB5DD7600F1472A /* Menu2.swift in Sources */ = {isa = PBXBuildFile; fileRef = 2AC402F81CB5DD7600F1472A /* Menu2.swift */; };
		2AC402FD1CB5F87600F1472A /* menudish.swift in Sources */ = {isa = PBXBuildFile; fileRef = 2AC402FC1CB5F87600F1472A /* menudish.swift */; };
		2AC402FF1CB618F800F1472A /* menudetail.swift in Sources */ = {isa = PBXBuildFile; fileRef = 2AC402FE1CB618F800F1472A /* menudetail.swift */; };
		2AC403011CB620FC00F1472A /* Main.storyboard in Resources */ = {isa = PBXBuildFile; fileRef = 2AC403001CB620FC00F1472A /* Main.storyboard */; };
		2AD4121D1C694861000A1A6E /* RatingControl.swift in Sources */ = {isa = PBXBuildFile; fileRef = 2AD4121C1C694861000A1A6E /* RatingControl.swift */; };
		2AD412221C698BB8000A1A6E /* SidemenuViewController.swift in Sources */ = {isa = PBXBuildFile; fileRef = 2AD412211C698BB8000A1A6E /* SidemenuViewController.swift */; };
		2AD412241C698E9C000A1A6E /* LocationViewController.swift in Sources */ = {isa = PBXBuildFile; fileRef = 2AD412231C698E9C000A1A6E /* LocationViewController.swift */; };
		2AD412261C6A84F9000A1A6E /* accountmanagementViewController.swift in Sources */ = {isa = PBXBuildFile; fileRef = 2AD412251C6A84F9000A1A6E /* accountmanagementViewController.swift */; };
		2AD4122A1C6BB6FA000A1A6E /* Info.plist in Resources */ = {isa = PBXBuildFile; fileRef = 2AD412291C6BB6FA000A1A6E /* Info.plist */; };
		2AD7D29C1BFC149700A483AA /* Register.swift in Sources */ = {isa = PBXBuildFile; fileRef = 2AD7D29B1BFC149700A483AA /* Register.swift */; };
		2AD7D3181BFE8AE300A483AA /* loginViewController.swift in Sources */ = {isa = PBXBuildFile; fileRef = 2AD7D3171BFE8AE300A483AA /* loginViewController.swift */; };
		2AD80D491BFA7C4600B5D88C /* AppDelegate.swift in Sources */ = {isa = PBXBuildFile; fileRef = 2AD80D481BFA7C4600B5D88C /* AppDelegate.swift */; };
		2AD80D4B1BFA7C4600B5D88C /* ViewController.swift in Sources */ = {isa = PBXBuildFile; fileRef = 2AD80D4A1BFA7C4600B5D88C /* ViewController.swift */; };
		2AD80D501BFA7C4600B5D88C /* Images.xcassets in Resources */ = {isa = PBXBuildFile; fileRef = 2AD80D4F1BFA7C4600B5D88C /* Images.xcassets */; };
		2AD80D531BFA7C4600B5D88C /* LaunchScreen.xib in Resources */ = {isa = PBXBuildFile; fileRef = 2AD80D511BFA7C4600B5D88C /* LaunchScreen.xib */; };
		2AD80D5F1BFA7C4700B5D88C /* Sweet_GrassTests.swift in Sources */ = {isa = PBXBuildFile; fileRef = 2AD80D5E1BFA7C4700B5D88C /* Sweet_GrassTests.swift */; };
		2AEE01B41C52E9EF00236A49 /* CartViewController.swift in Sources */ = {isa = PBXBuildFile; fileRef = 2AEE01B31C52E9EF00236A49 /* CartViewController.swift */; };
		452848B71CB8C69D00CBB256 /* GlobalDefine.swift in Sources */ = {isa = PBXBuildFile; fileRef = 452848B61CB8C69D00CBB256 /* GlobalDefine.swift */; };
		452848B81CB8C69D00CBB256 /* GlobalDefine.swift in Sources */ = {isa = PBXBuildFile; fileRef = 452848B61CB8C69D00CBB256 /* GlobalDefine.swift */; };
		453695FC1CBD41C100E31735 /* HistoryOrderListViewController.swift in Sources */ = {isa = PBXBuildFile; fileRef = 453695FB1CBD41C100E31735 /* HistoryOrderListViewController.swift */; };
		453695FD1CBD41C100E31735 /* HistoryOrderListViewController.swift in Sources */ = {isa = PBXBuildFile; fileRef = 453695FB1CBD41C100E31735 /* HistoryOrderListViewController.swift */; };
		4559796D1CBD390700906847 /* Foundation.framework in Frameworks */ = {isa = PBXBuildFile; fileRef = 4559796C1CBD390700906847 /* Foundation.framework */; };
		4559796F1CBD391B00906847 /* dylib1.o in Frameworks */ = {isa = PBXBuildFile; fileRef = 4559796E1CBD391B00906847 /* dylib1.o */; };
		45BA97B21CBC051B00C0B922 /* food.jpg in Resources */ = {isa = PBXBuildFile; fileRef = 45BA97B11CBC051B00C0B922 /* food.jpg */; };
		45BA97B51CBC05D300C0B922 /* CartListViewController.swift in Sources */ = {isa = PBXBuildFile; fileRef = 45BA97B41CBC05D300C0B922 /* CartListViewController.swift */; };
		45BA97B61CBC05D300C0B922 /* CartListViewController.swift in Sources */ = {isa = PBXBuildFile; fileRef = 45BA97B41CBC05D300C0B922 /* CartListViewController.swift */; };
		45BA97B91CBC094800C0B922 /* CartItemCell.swift in Sources */ = {isa = PBXBuildFile; fileRef = 45BA97B81CBC094800C0B922 /* CartItemCell.swift */; };
		45BA97BA1CBC094800C0B922 /* CartItemCell.swift in Sources */ = {isa = PBXBuildFile; fileRef = 45BA97B81CBC094800C0B922 /* CartItemCell.swift */; };
		45BA97BD1CBC0CB000C0B922 /* CartFootView.swift in Sources */ = {isa = PBXBuildFile; fileRef = 45BA97BC1CBC0CB000C0B922 /* CartFootView.swift */; };
		45BA97BE1CBC0CB000C0B922 /* CartFootView.swift in Sources */ = {isa = PBXBuildFile; fileRef = 45BA97BC1CBC0CB000C0B922 /* CartFootView.swift */; };
		F0786BFD1CA57DF00015436E /* TBVC.swift in Sources */ = {isa = PBXBuildFile; fileRef = F0786BFC1CA57DF00015436E /* TBVC.swift */; };
		F0786BFF1CA5889F0015436E /* TBVC1.swift in Sources */ = {isa = PBXBuildFile; fileRef = F0786BFE1CA5889F0015436E /* TBVC1.swift */; };
		F0786C011CA58F700015436E /* TBVC2.swift in Sources */ = {isa = PBXBuildFile; fileRef = F0786C001CA58F700015436E /* TBVC2.swift */; };
		F0786C031CA6041D0015436E /* TBVC3.swift in Sources */ = {isa = PBXBuildFile; fileRef = F0786C021CA6041D0015436E /* TBVC3.swift */; };
		F0786C051CA762A90015436E /* TBVC4.swift in Sources */ = {isa = PBXBuildFile; fileRef = F0786C041CA762A90015436E /* TBVC4.swift */; };
/* End PBXBuildFile section */

/* Begin PBXContainerItemProxy section */
		2AD80D591BFA7C4700B5D88C /* PBXContainerItemProxy */ = {
			isa = PBXContainerItemProxy;
			containerPortal = 2AD80D3B1BFA7C4600B5D88C /* Project object */;
			proxyType = 1;
			remoteGlobalIDString = 2AD80D421BFA7C4600B5D88C;
			remoteInfo = "Sweet Grass";
		};
/* End PBXContainerItemProxy section */

/* Begin PBXFileReference section */
		2A0054BC1C88CB1300561ABE /* AccountinfoViewController.swift */ = {isa = PBXFileReference; fileEncoding = 4; lastKnownFileType = sourcecode.swift; path = AccountinfoViewController.swift; sourceTree = "<group>"; };
		2A3BFF681CAB53B1005230E5 /* LeavefeedbackViewController.swift */ = {isa = PBXFileReference; fileEncoding = 4; lastKnownFileType = sourcecode.swift; path = LeavefeedbackViewController.swift; sourceTree = "<group>"; };
		2A3BFF701CAB5674005230E5 /* changeemailViewController.swift */ = {isa = PBXFileReference; fileEncoding = 4; lastKnownFileType = sourcecode.swift; path = changeemailViewController.swift; sourceTree = "<group>"; };
		2A3BFF711CAB5674005230E5 /* changeinfoViewController.swift */ = {isa = PBXFileReference; fileEncoding = 4; lastKnownFileType = sourcecode.swift; path = changeinfoViewController.swift; sourceTree = "<group>"; };
		2A3BFF721CAB5674005230E5 /* changepasswordViewController.swift */ = {isa = PBXFileReference; fileEncoding = 4; lastKnownFileType = sourcecode.swift; path = changepasswordViewController.swift; sourceTree = "<group>"; };
		2A3BFF761CAB5C68005230E5 /* ReservationViewController.swift */ = {isa = PBXFileReference; fileEncoding = 4; lastKnownFileType = sourcecode.swift; path = ReservationViewController.swift; sourceTree = "<group>"; };
		2A7178531CACBDE7000B131F /* trackingview.swift */ = {isa = PBXFileReference; fileEncoding = 4; lastKnownFileType = sourcecode.swift; path = trackingview.swift; sourceTree = "<group>"; };
		2A7178551CACBDF2000B131F /* MapViewController.swift */ = {isa = PBXFileReference; fileEncoding = 4; lastKnownFileType = sourcecode.swift; path = MapViewController.swift; sourceTree = "<group>"; };
		2A7178591CAD8E54000B131F /* menubuttonViewController.swift */ = {isa = PBXFileReference; fileEncoding = 4; lastKnownFileType = sourcecode.swift; path = menubuttonViewController.swift; sourceTree = "<group>"; };
		2A71789B1CAF5A12000B131F /* Coupon.swift */ = {isa = PBXFileReference; fileEncoding = 4; lastKnownFileType = sourcecode.swift; path = Coupon.swift; sourceTree = "<group>"; };
		2AC402EC1CB5C67200F1472A /* Menu1.swift */ = {isa = PBXFileReference; fileEncoding = 4; lastKnownFileType = sourcecode.swift; path = Menu1.swift; sourceTree = "<group>"; };
		2AC402F21CB5C7B400F1472A /* menuitem.swift */ = {isa = PBXFileReference; fileEncoding = 4; lastKnownFileType = sourcecode.swift; path = menuitem.swift; sourceTree = "<group>"; };
		2AC402F41CB5C9AC00F1472A /* menutype.swift */ = {isa = PBXFileReference; fileEncoding = 4; lastKnownFileType = sourcecode.swift; path = menutype.swift; sourceTree = "<group>"; };
		2AC402F81CB5DD7600F1472A /* Menu2.swift */ = {isa = PBXFileReference; fileEncoding = 4; lastKnownFileType = sourcecode.swift; path = Menu2.swift; sourceTree = "<group>"; };
		2AC402FC1CB5F87600F1472A /* menudish.swift */ = {isa = PBXFileReference; fileEncoding = 4; lastKnownFileType = sourcecode.swift; path = menudish.swift; sourceTree = "<group>"; };
		2AC402FE1CB618F800F1472A /* menudetail.swift */ = {isa = PBXFileReference; fileEncoding = 4; lastKnownFileType = sourcecode.swift; path = menudetail.swift; sourceTree = "<group>"; };
		2AC403001CB620FC00F1472A /* Main.storyboard */ = {isa = PBXFileReference; fileEncoding = 4; lastKnownFileType = file.storyboard; path = Main.storyboard; sourceTree = "<group>"; };
		2AD4121C1C694861000A1A6E /* RatingControl.swift */ = {isa = PBXFileReference; fileEncoding = 4; lastKnownFileType = sourcecode.swift; path = RatingControl.swift; sourceTree = "<group>"; };
		2AD412211C698BB8000A1A6E /* SidemenuViewController.swift */ = {isa = PBXFileReference; fileEncoding = 4; lastKnownFileType = sourcecode.swift; path = SidemenuViewController.swift; sourceTree = "<group>"; };
		2AD412231C698E9C000A1A6E /* LocationViewController.swift */ = {isa = PBXFileReference; fileEncoding = 4; lastKnownFileType = sourcecode.swift; path = LocationViewController.swift; sourceTree = "<group>"; };
		2AD412251C6A84F9000A1A6E /* accountmanagementViewController.swift */ = {isa = PBXFileReference; fileEncoding = 4; lastKnownFileType = sourcecode.swift; path = accountmanagementViewController.swift; sourceTree = "<group>"; };
		2AD412291C6BB6FA000A1A6E /* Info.plist */ = {isa = PBXFileReference; fileEncoding = 4; lastKnownFileType = text.plist.xml; path = Info.plist; sourceTree = "<group>"; };
		2AD7D29B1BFC149700A483AA /* Register.swift */ = {isa = PBXFileReference; fileEncoding = 4; lastKnownFileType = sourcecode.swift; path = Register.swift; sourceTree = "<group>"; };
		2AD7D3171BFE8AE300A483AA /* loginViewController.swift */ = {isa = PBXFileReference; fileEncoding = 4; lastKnownFileType = sourcecode.swift; path = loginViewController.swift; sourceTree = "<group>"; };
		2AD80D431BFA7C4600B5D88C /* Sweet Grass.app */ = {isa = PBXFileReference; explicitFileType = wrapper.application; includeInIndex = 0; path = "Sweet Grass.app"; sourceTree = BUILT_PRODUCTS_DIR; };
		2AD80D481BFA7C4600B5D88C /* AppDelegate.swift */ = {isa = PBXFileReference; lastKnownFileType = sourcecode.swift; path = AppDelegate.swift; sourceTree = "<group>"; };
		2AD80D4A1BFA7C4600B5D88C /* ViewController.swift */ = {isa = PBXFileReference; lastKnownFileType = sourcecode.swift; path = ViewController.swift; sourceTree = "<group>"; };
		2AD80D4F1BFA7C4600B5D88C /* Images.xcassets */ = {isa = PBXFileReference; lastKnownFileType = folder.assetcatalog; path = Images.xcassets; sourceTree = "<group>"; };
		2AD80D521BFA7C4600B5D88C /* Base */ = {isa = PBXFileReference; lastKnownFileType = file.xib; name = Base; path = Base.lproj/LaunchScreen.xib; sourceTree = "<group>"; };
		2AD80D581BFA7C4700B5D88C /* Sweet GrassTests.xctest */ = {isa = PBXFileReference; explicitFileType = wrapper.cfbundle; includeInIndex = 0; path = "Sweet GrassTests.xctest"; sourceTree = BUILT_PRODUCTS_DIR; };
		2AD80D5E1BFA7C4700B5D88C /* Sweet_GrassTests.swift */ = {isa = PBXFileReference; lastKnownFileType = sourcecode.swift; path = Sweet_GrassTests.swift; sourceTree = "<group>"; };
		2AEE01B31C52E9EF00236A49 /* CartViewController.swift */ = {isa = PBXFileReference; fileEncoding = 4; lastKnownFileType = sourcecode.swift; path = CartViewController.swift; sourceTree = "<group>"; };
		452848B61CB8C69D00CBB256 /* GlobalDefine.swift */ = {isa = PBXFileReference; fileEncoding = 4; lastKnownFileType = sourcecode.swift; path = GlobalDefine.swift; sourceTree = "<group>"; };
		453695FB1CBD41C100E31735 /* HistoryOrderListViewController.swift */ = {isa = PBXFileReference; fileEncoding = 4; lastKnownFileType = sourcecode.swift; name = HistoryOrderListViewController.swift; path = Order/HistoryOrderListViewController.swift; sourceTree = "<group>"; };
		4559796C1CBD390700906847 /* Foundation.framework */ = {isa = PBXFileReference; lastKnownFileType = wrapper.framework; name = Foundation.framework; path = System/Library/Frameworks/Foundation.framework; sourceTree = SDKROOT; };
		4559796E1CBD391B00906847 /* dylib1.o */ = {isa = PBXFileReference; lastKnownFileType = "compiled.mach-o.objfile"; name = dylib1.o; path = usr/lib/dylib1.o; sourceTree = SDKROOT; };
		45BA97B11CBC051B00C0B922 /* food.jpg */ = {isa = PBXFileReference; lastKnownFileType = image.jpeg; path = food.jpg; sourceTree = "<group>"; };
		45BA97B41CBC05D300C0B922 /* CartListViewController.swift */ = {isa = PBXFileReference; fileEncoding = 4; lastKnownFileType = sourcecode.swift; name = CartListViewController.swift; path = Cart/CartListViewController.swift; sourceTree = "<group>"; };
		45BA97B81CBC094800C0B922 /* CartItemCell.swift */ = {isa = PBXFileReference; fileEncoding = 4; lastKnownFileType = sourcecode.swift; path = CartItemCell.swift; sourceTree = "<group>"; };
		45BA97BC1CBC0CB000C0B922 /* CartFootView.swift */ = {isa = PBXFileReference; fileEncoding = 4; lastKnownFileType = sourcecode.swift; name = CartFootView.swift; path = Cart/CartFootView.swift; sourceTree = "<group>"; };
		F0786BFC1CA57DF00015436E /* TBVC.swift */ = {isa = PBXFileReference; fileEncoding = 4; lastKnownFileType = sourcecode.swift; path = TBVC.swift; sourceTree = "<group>"; };
		F0786BFE1CA5889F0015436E /* TBVC1.swift */ = {isa = PBXFileReference; fileEncoding = 4; lastKnownFileType = sourcecode.swift; path = TBVC1.swift; sourceTree = "<group>"; };
		F0786C001CA58F700015436E /* TBVC2.swift */ = {isa = PBXFileReference; fileEncoding = 4; lastKnownFileType = sourcecode.swift; path = TBVC2.swift; sourceTree = "<group>"; };
		F0786C021CA6041D0015436E /* TBVC3.swift */ = {isa = PBXFileReference; fileEncoding = 4; lastKnownFileType = sourcecode.swift; path = TBVC3.swift; sourceTree = "<group>"; };
		F0786C041CA762A90015436E /* TBVC4.swift */ = {isa = PBXFileReference; fileEncoding = 4; lastKnownFileType = sourcecode.swift; path = TBVC4.swift; sourceTree = "<group>"; };
/* End PBXFileReference section */

/* Begin PBXFrameworksBuildPhase section */
		2AD80D401BFA7C4600B5D88C /* Frameworks */ = {
			isa = PBXFrameworksBuildPhase;
			buildActionMask = 2147483647;
			files = (
				4559796F1CBD391B00906847 /* dylib1.o in Frameworks */,
				4559796D1CBD390700906847 /* Foundation.framework in Frameworks */,
			);
			runOnlyForDeploymentPostprocessing = 0;
		};
		2AD80D551BFA7C4700B5D88C /* Frameworks */ = {
			isa = PBXFrameworksBuildPhase;
			buildActionMask = 2147483647;
			files = (
			);
			runOnlyForDeploymentPostprocessing = 0;
		};
/* End PBXFrameworksBuildPhase section */

/* Begin PBXGroup section */
		2AD80D3A1BFA7C4600B5D88C = {
			isa = PBXGroup;
			children = (
				4559796E1CBD391B00906847 /* dylib1.o */,
				4559796C1CBD390700906847 /* Foundation.framework */,
				2AD80D451BFA7C4600B5D88C /* Sweet Grass */,
				2AD80D5B1BFA7C4700B5D88C /* Sweet GrassTests */,
				2AD80D441BFA7C4600B5D88C /* Products */,
			);
			sourceTree = "<group>";
		};
		2AD80D441BFA7C4600B5D88C /* Products */ = {
			isa = PBXGroup;
			children = (
				2AD80D431BFA7C4600B5D88C /* Sweet Grass.app */,
				2AD80D581BFA7C4700B5D88C /* Sweet GrassTests.xctest */,
			);
			name = Products;
			sourceTree = "<group>";
		};
		2AD80D451BFA7C4600B5D88C /* Sweet Grass */ = {
			isa = PBXGroup;
			children = (
				45BA97B31CBC05B000C0B922 /* Cart */,
				45BA97B01CBC050A00C0B922 /* Resource */,
				452848B51CB8C62000CBB256 /* Order */,
				452848B41CB8C61600CBB256 /* tool */,
				452848B31CB8C61000CBB256 /* Main */,
				452848B21CB8C60600CBB256 /* UserInfo */,
				2AD80D481BFA7C4600B5D88C /* AppDelegate.swift */,
				2AC403001CB620FC00F1472A /* Main.storyboard */,
				2AC402F81CB5DD7600F1472A /* Menu2.swift */,
				2AC402FE1CB618F800F1472A /* menudetail.swift */,
				2AC402FC1CB5F87600F1472A /* menudish.swift */,
				2AC402F41CB5C9AC00F1472A /* menutype.swift */,
				2AC402F21CB5C7B400F1472A /* menuitem.swift */,
				2AC402EC1CB5C67200F1472A /* Menu1.swift */,
				F0786C041CA762A90015436E /* TBVC4.swift */,
				F0786C021CA6041D0015436E /* TBVC3.swift */,
				F0786C001CA58F700015436E /* TBVC2.swift */,
				F0786BFC1CA57DF00015436E /* TBVC.swift */,
				F0786BFE1CA5889F0015436E /* TBVC1.swift */,
				2AD80D4F1BFA7C4600B5D88C /* Images.xcassets */,
				2AD4121C1C694861000A1A6E /* RatingControl.swift */,
				2AD80D511BFA7C4600B5D88C /* LaunchScreen.xib */,
				2AD412291C6BB6FA000A1A6E /* Info.plist */,
				2AEE01B31C52E9EF00236A49 /* CartViewController.swift */,
				2A71789B1CAF5A12000B131F /* Coupon.swift */,
				2AD7D29B1BFC149700A483AA /* Register.swift */,
				2AD7D3171BFE8AE300A483AA /* loginViewController.swift */,
				2AD80D4A1BFA7C4600B5D88C /* ViewController.swift */,
				2AD412211C698BB8000A1A6E /* SidemenuViewController.swift */,
				2A0054BC1C88CB1300561ABE /* AccountinfoViewController.swift */,
				2A7178551CACBDF2000B131F /* MapViewController.swift */,
				2A3BFF681CAB53B1005230E5 /* LeavefeedbackViewController.swift */,
				2A3BFF701CAB5674005230E5 /* changeemailViewController.swift */,
				2A3BFF711CAB5674005230E5 /* changeinfoViewController.swift */,
				2A3BFF721CAB5674005230E5 /* changepasswordViewController.swift */,
				2A7178591CAD8E54000B131F /* menubuttonViewController.swift */,
				2AD412251C6A84F9000A1A6E /* accountmanagementViewController.swift */,
				2A7178531CACBDE7000B131F /* trackingview.swift */,
				2AD412231C698E9C000A1A6E /* LocationViewController.swift */,
				2A3BFF761CAB5C68005230E5 /* ReservationViewController.swift */,
			);
			path = "Sweet Grass";
			sourceTree = "<group>";
		};
		2AD80D5B1BFA7C4700B5D88C /* Sweet GrassTests */ = {
			isa = PBXGroup;
			children = (
				2AD80D5E1BFA7C4700B5D88C /* Sweet_GrassTests.swift */,
				2AD80D5C1BFA7C4700B5D88C /* Supporting Files */,
			);
			path = "Sweet GrassTests";
			sourceTree = "<group>";
		};
		2AD80D5C1BFA7C4700B5D88C /* Supporting Files */ = {
			isa = PBXGroup;
			children = (
			);
			name = "Supporting Files";
			sourceTree = "<group>";
		};
		452848B21CB8C60600CBB256 /* UserInfo */ = {
			isa = PBXGroup;
			children = (
			);
			name = UserInfo;
			sourceTree = "<group>";
		};
		452848B31CB8C61000CBB256 /* Main */ = {
			isa = PBXGroup;
			children = (
			);
			name = Main;
			sourceTree = "<group>";
		};
		452848B41CB8C61600CBB256 /* tool */ = {
			isa = PBXGroup;
			children = (
				452848B61CB8C69D00CBB256 /* GlobalDefine.swift */,
			);
			name = tool;
			sourceTree = "<group>";
		};
		452848B51CB8C62000CBB256 /* Order */ = {
			isa = PBXGroup;
			children = (
				453695FB1CBD41C100E31735 /* HistoryOrderListViewController.swift */,
			);
			name = Order;
			sourceTree = "<group>";
		};
		45BA97B01CBC050A00C0B922 /* Resource */ = {
			isa = PBXGroup;
			children = (
				45BA97B11CBC051B00C0B922 /* food.jpg */,
			);
			name = Resource;
			sourceTree = "<group>";
		};
		45BA97B31CBC05B000C0B922 /* Cart */ = {
			isa = PBXGroup;
			children = (
				45BA97BB1CBC0C9400C0B922 /* View */,
				45BA97B71CBC092F00C0B922 /* Cell */,
				45BA97B41CBC05D300C0B922 /* CartListViewController.swift */,
			);
			name = Cart;
			sourceTree = "<group>";
		};
		45BA97B71CBC092F00C0B922 /* Cell */ = {
			isa = PBXGroup;
			children = (
				45BA97B81CBC094800C0B922 /* CartItemCell.swift */,
			);
			name = Cell;
			sourceTree = "<group>";
		};
		45BA97BB1CBC0C9400C0B922 /* View */ = {
			isa = PBXGroup;
			children = (
				45BA97BC1CBC0CB000C0B922 /* CartFootView.swift */,
			);
			name = View;
			sourceTree = "<group>";
		};
/* End PBXGroup section */

/* Begin PBXNativeTarget section */
		2AD80D421BFA7C4600B5D88C /* Sweet Grass */ = {
			isa = PBXNativeTarget;
			buildConfigurationList = 2AD80D621BFA7C4700B5D88C /* Build configuration list for PBXNativeTarget "Sweet Grass" */;
			buildPhases = (
				2AD80D3F1BFA7C4600B5D88C /* Sources */,
				2AD80D401BFA7C4600B5D88C /* Frameworks */,
				2AD80D411BFA7C4600B5D88C /* Resources */,
			);
			buildRules = (
			);
			dependencies = (
			);
			name = "Sweet Grass";
			productName = "Sweet Grass";
			productReference = 2AD80D431BFA7C4600B5D88C /* Sweet Grass.app */;
			productType = "com.apple.product-type.application";
		};
		2AD80D571BFA7C4700B5D88C /* Sweet GrassTests */ = {
			isa = PBXNativeTarget;
			buildConfigurationList = 2AD80D651BFA7C4700B5D88C /* Build configuration list for PBXNativeTarget "Sweet GrassTests" */;
			buildPhases = (
				2AD80D541BFA7C4700B5D88C /* Sources */,
				2AD80D551BFA7C4700B5D88C /* Frameworks */,
				2AD80D561BFA7C4700B5D88C /* Resources */,
			);
			buildRules = (
			);
			dependencies = (
				2AD80D5A1BFA7C4700B5D88C /* PBXTargetDependency */,
			);
			name = "Sweet GrassTests";
			productName = "Sweet GrassTests";
			productReference = 2AD80D581BFA7C4700B5D88C /* Sweet GrassTests.xctest */;
			productType = "com.apple.product-type.bundle.unit-test";
		};
/* End PBXNativeTarget section */

/* Begin PBXProject section */
		2AD80D3B1BFA7C4600B5D88C /* Project object */ = {
			isa = PBXProject;
			attributes = {
				LastSwiftUpdateCheck = 0710;
				LastUpgradeCheck = 0710;
				ORGANIZATIONNAME = HanFang;
				TargetAttributes = {
					2AD80D421BFA7C4600B5D88C = {
						CreatedOnToolsVersion = 6.4;
						DevelopmentTeam = FS28DNM2QR;
					};
					2AD80D571BFA7C4700B5D88C = {
						CreatedOnToolsVersion = 6.4;
						TestTargetID = 2AD80D421BFA7C4600B5D88C;
					};
				};
			};
			buildConfigurationList = 2AD80D3E1BFA7C4600B5D88C /* Build configuration list for PBXProject "Sweet Grass" */;
			compatibilityVersion = "Xcode 3.2";
			developmentRegion = English;
			hasScannedForEncodings = 0;
			knownRegions = (
				en,
				Base,
			);
			mainGroup = 2AD80D3A1BFA7C4600B5D88C;
			productRefGroup = 2AD80D441BFA7C4600B5D88C /* Products */;
			projectDirPath = "";
			projectRoot = "";
			targets = (
				2AD80D421BFA7C4600B5D88C /* Sweet Grass */,
				2AD80D571BFA7C4700B5D88C /* Sweet GrassTests */,
			);
		};
/* End PBXProject section */

/* Begin PBXResourcesBuildPhase section */
		2AD80D411BFA7C4600B5D88C /* Resources */ = {
			isa = PBXResourcesBuildPhase;
			buildActionMask = 2147483647;
			files = (
				2AD4122A1C6BB6FA000A1A6E /* Info.plist in Resources */,
				45BA97B21CBC051B00C0B922 /* food.jpg in Resources */,
				2AD80D531BFA7C4600B5D88C /* LaunchScreen.xib in Resources */,
				2AD80D501BFA7C4600B5D88C /* Images.xcassets in Resources */,
				2AC403011CB620FC00F1472A /* Main.storyboard in Resources */,
			);
			runOnlyForDeploymentPostprocessing = 0;
		};
		2AD80D561BFA7C4700B5D88C /* Resources */ = {
			isa = PBXResourcesBuildPhase;
			buildActionMask = 2147483647;
			files = (
			);
			runOnlyForDeploymentPostprocessing = 0;
		};
/* End PBXResourcesBuildPhase section */

/* Begin PBXSourcesBuildPhase section */
		2AD80D3F1BFA7C4600B5D88C /* Sources */ = {
			isa = PBXSourcesBuildPhase;
			buildActionMask = 2147483647;
			files = (
				2AC402F31CB5C7B400F1472A /* menuitem.swift in Sources */,
				2AD7D3181BFE8AE300A483AA /* loginViewController.swift in Sources */,
				45BA97BD1CBC0CB000C0B922 /* CartFootView.swift in Sources */,
				F0786C051CA762A90015436E /* TBVC4.swift in Sources */,
				2A3BFF691CAB53B1005230E5 /* LeavefeedbackViewController.swift in Sources */,
				453695FC1CBD41C100E31735 /* HistoryOrderListViewController.swift in Sources */,
				2AC402ED1CB5C67200F1472A /* Menu1.swift in Sources */,
				2AD412221C698BB8000A1A6E /* SidemenuViewController.swift in Sources */,
				2A3BFF741CAB5674005230E5 /* changeinfoViewController.swift in Sources */,
				2AD412261C6A84F9000A1A6E /* accountmanagementViewController.swift in Sources */,
				2A71785A1CAD8E54000B131F /* menubuttonViewController.swift in Sources */,
				2AD80D4B1BFA7C4600B5D88C /* ViewController.swift in Sources */,
				2A71789C1CAF5A12000B131F /* Coupon.swift in Sources */,
				45BA97B91CBC094800C0B922 /* CartItemCell.swift in Sources */,
				F0786BFD1CA57DF00015436E /* TBVC.swift in Sources */,
				2A3BFF731CAB5674005230E5 /* changeemailViewController.swift in Sources */,
				2A7178541CACBDE7000B131F /* trackingview.swift in Sources */,
				2AEE01B41C52E9EF00236A49 /* CartViewController.swift in Sources */,
				2A7178561CACBDF2000B131F /* MapViewController.swift in Sources */,
				452848B71CB8C69D00CBB256 /* GlobalDefine.swift in Sources */,
				F0786C031CA6041D0015436E /* TBVC3.swift in Sources */,
				2AD80D491BFA7C4600B5D88C /* AppDelegate.swift in Sources */,
				F0786C011CA58F700015436E /* TBVC2.swift in Sources */,
				F0786BFF1CA5889F0015436E /* TBVC1.swift in Sources */,
				2A0054BD1C88CB1300561ABE /* AccountinfoViewController.swift in Sources */,
				2AC402FF1CB618F800F1472A /* menudetail.swift in Sources */,
				2AC402F51CB5C9AC00F1472A /* menutype.swift in Sources */,
				2A3BFF771CAB5C68005230E5 /* ReservationViewController.swift in Sources */,
				2AC402FD1CB5F87600F1472A /* menudish.swift in Sources */,
				2AD4121D1C694861000A1A6E /* RatingControl.swift in Sources */,
				2AD7D29C1BFC149700A483AA /* Register.swift in Sources */,
				45BA97B51CBC05D300C0B922 /* CartListViewController.swift in Sources */,
				2A3BFF751CAB5674005230E5 /* changepasswordViewController.swift in Sources */,
				2AC402F91CB5DD7600F1472A /* Menu2.swift in Sources */,
				2AD412241C698E9C000A1A6E /* LocationViewController.swift in Sources */,
			);
			runOnlyForDeploymentPostprocessing = 0;
		};
		2AD80D541BFA7C4700B5D88C /* Sources */ = {
			isa = PBXSourcesBuildPhase;
			buildActionMask = 2147483647;
			files = (
				45BA97BE1CBC0CB000C0B922 /* CartFootView.swift in Sources */,
				45BA97B61CBC05D300C0B922 /* CartListViewController.swift in Sources */,
				2AD80D5F1BFA7C4700B5D88C /* Sweet_GrassTests.swift in Sources */,
				45BA97BA1CBC094800C0B922 /* CartItemCell.swift in Sources */,
				453695FD1CBD41C100E31735 /* HistoryOrderListViewController.swift in Sources */,
				452848B81CB8C69D00CBB256 /* GlobalDefine.swift in Sources */,
			);
			runOnlyForDeploymentPostprocessing = 0;
		};
/* End PBXSourcesBuildPhase section */

/* Begin PBXTargetDependency section */
		2AD80D5A1BFA7C4700B5D88C /* PBXTargetDependency */ = {
			isa = PBXTargetDependency;
			target = 2AD80D421BFA7C4600B5D88C /* Sweet Grass */;
			targetProxy = 2AD80D591BFA7C4700B5D88C /* PBXContainerItemProxy */;
		};
/* End PBXTargetDependency section */

/* Begin PBXVariantGroup section */
		2AD80D511BFA7C4600B5D88C /* LaunchScreen.xib */ = {
			isa = PBXVariantGroup;
			children = (
				2AD80D521BFA7C4600B5D88C /* Base */,
			);
			name = LaunchScreen.xib;
			sourceTree = "<group>";
		};
/* End PBXVariantGroup section */

/* Begin XCBuildConfiguration section */
		2AD80D601BFA7C4700B5D88C /* Debug */ = {
			isa = XCBuildConfiguration;
			buildSettings = {
				ALWAYS_SEARCH_USER_PATHS = NO;
				CLANG_CXX_LANGUAGE_STANDARD = "gnu++0x";
				CLANG_CXX_LIBRARY = "libc++";
				CLANG_ENABLE_MODULES = YES;
				CLANG_ENABLE_OBJC_ARC = YES;
				CLANG_WARN_BOOL_CONVERSION = YES;
				CLANG_WARN_CONSTANT_CONVERSION = YES;
				CLANG_WARN_DIRECT_OBJC_ISA_USAGE = YES_ERROR;
				CLANG_WARN_EMPTY_BODY = YES;
				CLANG_WARN_ENUM_CONVERSION = YES;
				CLANG_WARN_INT_CONVERSION = YES;
				CLANG_WARN_OBJC_ROOT_CLASS = YES_ERROR;
				CLANG_WARN_UNREACHABLE_CODE = YES;
				CLANG_WARN__DUPLICATE_METHOD_MATCH = YES;
				"CODE_SIGN_IDENTITY[sdk=iphoneos*]" = "iPhone Developer";
				COPY_PHASE_STRIP = NO;
				DEBUG_INFORMATION_FORMAT = "dwarf-with-dsym";
				ENABLE_STRICT_OBJC_MSGSEND = YES;
				ENABLE_TESTABILITY = YES;
				GCC_C_LANGUAGE_STANDARD = gnu99;
				GCC_DYNAMIC_NO_PIC = NO;
				GCC_NO_COMMON_BLOCKS = YES;
				GCC_OPTIMIZATION_LEVEL = 0;
				GCC_PREPROCESSOR_DEFINITIONS = (
					"DEBUG=1",
					"$(inherited)",
				);
				GCC_SYMBOLS_PRIVATE_EXTERN = NO;
				GCC_WARN_64_TO_32_BIT_CONVERSION = YES;
				GCC_WARN_ABOUT_RETURN_TYPE = YES_ERROR;
				GCC_WARN_UNDECLARED_SELECTOR = YES;
				GCC_WARN_UNINITIALIZED_AUTOS = YES_AGGRESSIVE;
				GCC_WARN_UNUSED_FUNCTION = YES;
				GCC_WARN_UNUSED_VARIABLE = YES;
				IPHONEOS_DEPLOYMENT_TARGET = 8.4;
				MTL_ENABLE_DEBUG_INFO = YES;
				ONLY_ACTIVE_ARCH = YES;
				SDKROOT = iphoneos;
				SWIFT_OPTIMIZATION_LEVEL = "-Onone";
			};
			name = Debug;
		};
		2AD80D611BFA7C4700B5D88C /* Release */ = {
			isa = XCBuildConfiguration;
			buildSettings = {
				ALWAYS_SEARCH_USER_PATHS = NO;
				CLANG_CXX_LANGUAGE_STANDARD = "gnu++0x";
				CLANG_CXX_LIBRARY = "libc++";
				CLANG_ENABLE_MODULES = YES;
				CLANG_ENABLE_OBJC_ARC = YES;
				CLANG_WARN_BOOL_CONVERSION = YES;
				CLANG_WARN_CONSTANT_CONVERSION = YES;
				CLANG_WARN_DIRECT_OBJC_ISA_USAGE = YES_ERROR;
				CLANG_WARN_EMPTY_BODY = YES;
				CLANG_WARN_ENUM_CONVERSION = YES;
				CLANG_WARN_INT_CONVERSION = YES;
				CLANG_WARN_OBJC_ROOT_CLASS = YES_ERROR;
				CLANG_WARN_UNREACHABLE_CODE = YES;
				CLANG_WARN__DUPLICATE_METHOD_MATCH = YES;
				"CODE_SIGN_IDENTITY[sdk=iphoneos*]" = "iPhone Developer";
				COPY_PHASE_STRIP = NO;
				DEBUG_INFORMATION_FORMAT = "dwarf-with-dsym";
				ENABLE_NS_ASSERTIONS = NO;
				ENABLE_STRICT_OBJC_MSGSEND = YES;
				GCC_C_LANGUAGE_STANDARD = gnu99;
				GCC_NO_COMMON_BLOCKS = YES;
				GCC_WARN_64_TO_32_BIT_CONVERSION = YES;
				GCC_WARN_ABOUT_RETURN_TYPE = YES_ERROR;
				GCC_WARN_UNDECLARED_SELECTOR = YES;
				GCC_WARN_UNINITIALIZED_AUTOS = YES_AGGRESSIVE;
				GCC_WARN_UNUSED_FUNCTION = YES;
				GCC_WARN_UNUSED_VARIABLE = YES;
				IPHONEOS_DEPLOYMENT_TARGET = 8.4;
				MTL_ENABLE_DEBUG_INFO = NO;
				SDKROOT = iphoneos;
				VALIDATE_PRODUCT = YES;
			};
			name = Release;
		};
		2AD80D631BFA7C4700B5D88C /* Debug */ = {
			isa = XCBuildConfiguration;
			buildSettings = {
				ASSETCATALOG_COMPILER_APPICON_NAME = AppIcon;
				CODE_SIGN_IDENTITY = "iPhone Developer";
				"CODE_SIGN_IDENTITY[sdk=iphoneos*]" = "iPhone Developer";
				FRAMEWORK_SEARCH_PATHS = (
					"$(inherited)",
					"$(PROJECT_DIR)/Sweet",
					Grass,
				);
				INFOPLIST_FILE = "Sweet Grass/Info.plist";
				LD_RUNPATH_SEARCH_PATHS = "$(inherited) @executable_path/Frameworks";
				PRODUCT_BUNDLE_IDENTIFIER = "Han-Fang.Sweet-Grass";
				PRODUCT_NAME = "$(TARGET_NAME)";
				PROVISIONING_PROFILE = "";
				TARGETED_DEVICE_FAMILY = 1;
			};
			name = Debug;
		};
		2AD80D641BFA7C4700B5D88C /* Release */ = {
			isa = XCBuildConfiguration;
			buildSettings = {
				ASSETCATALOG_COMPILER_APPICON_NAME = AppIcon;
				CODE_SIGN_IDENTITY = "iPhone Developer";
				"CODE_SIGN_IDENTITY[sdk=iphoneos*]" = "iPhone Developer";
				FRAMEWORK_SEARCH_PATHS = (
					"$(inherited)",
					"$(PROJECT_DIR)/Sweet",
					Grass,
				);
				INFOPLIST_FILE = "Sweet Grass/Info.plist";
				LD_RUNPATH_SEARCH_PATHS = "$(inherited) @executable_path/Frameworks";
				PRODUCT_BUNDLE_IDENTIFIER = "Han-Fang.Sweet-Grass";
				PRODUCT_NAME = "$(TARGET_NAME)";
				PROVISIONING_PROFILE = "";
				TARGETED_DEVICE_FAMILY = 1;
			};
			name = Release;
		};
		2AD80D661BFA7C4700B5D88C /* Debug */ = {
			isa = XCBuildConfiguration;
			buildSettings = {
				BUNDLE_LOADER = "$(TEST_HOST)";
				FRAMEWORK_SEARCH_PATHS = (
					"$(SDKROOT)/Developer/Library/Frameworks",
					"$(inherited)",
				);
				GCC_PREPROCESSOR_DEFINITIONS = (
					"DEBUG=1",
					"$(inherited)",
				);
				INFOPLIST_FILE = "Sweet GrassTests/Info.plist";
				LD_RUNPATH_SEARCH_PATHS = "$(inherited) @executable_path/Frameworks @loader_path/Frameworks";
				PRODUCT_BUNDLE_IDENTIFIER = "Han-Fang.$(PRODUCT_NAME:rfc1034identifier)";
				PRODUCT_NAME = "$(TARGET_NAME)";
				TEST_HOST = "$(BUILT_PRODUCTS_DIR)/Sweet Grass.app/Sweet Grass";
			};
			name = Debug;
		};
		2AD80D671BFA7C4700B5D88C /* Release */ = {
			isa = XCBuildConfiguration;
			buildSettings = {
				BUNDLE_LOADER = "$(TEST_HOST)";
				FRAMEWORK_SEARCH_PATHS = (
					"$(SDKROOT)/Developer/Library/Frameworks",
					"$(inherited)",
				);
				INFOPLIST_FILE = "Sweet GrassTests/Info.plist";
				LD_RUNPATH_SEARCH_PATHS = "$(inherited) @executable_path/Frameworks @loader_path/Frameworks";
				PRODUCT_BUNDLE_IDENTIFIER = "Han-Fang.$(PRODUCT_NAME:rfc1034identifier)";
				PRODUCT_NAME = "$(TARGET_NAME)";
				TEST_HOST = "$(BUILT_PRODUCTS_DIR)/Sweet Grass.app/Sweet Grass";
			};
			name = Release;
		};
/* End XCBuildConfiguration section */

/* Begin XCConfigurationList section */
		2AD80D3E1BFA7C4600B5D88C /* Build configuration list for PBXProject "Sweet Grass" */ = {
			isa = XCConfigurationList;
			buildConfigurations = (
				2AD80D601BFA7C4700B5D88C /* Debug */,
				2AD80D611BFA7C4700B5D88C /* Release */,
			);
			defaultConfigurationIsVisible = 0;
			defaultConfigurationName = Release;
		};
		2AD80D621BFA7C4700B5D88C /* Build configuration list for PBXNativeTarget "Sweet Grass" */ = {
			isa = XCConfigurationList;
			buildConfigurations = (
				2AD80D631BFA7C4700B5D88C /* Debug */,
				2AD80D641BFA7C4700B5D88C /* Release */,
			);
			defaultConfigurationIsVisible = 0;
			defaultConfigurationName = Release;
		};
		2AD80D651BFA7C4700B5D88C /* Build configuration list for PBXNativeTarget "Sweet GrassTests" */ = {
			isa = XCConfigurationList;
			buildConfigurations = (
				2AD80D661BFA7C4700B5D88C /* Debug */,
				2AD80D671BFA7C4700B5D88C /* Release */,
			);
			defaultConfigurationIsVisible = 0;
			defaultConfigurationName = Release;
		};
/* End XCConfigurationList section */
	};
	rootObject = 2AD80D3B1BFA7C4600B5D88C /* Project object */;
}
